
Microsoft Visual Studio Solution File, Format Version 12.00
# Visual Studio Version 17
VisualStudioVersion = 17.5.33516.290
MinimumVisualStudioVersion = 10.0.40219.1
Project("{9A19103F-16F7-4668-BE54-9A1E7A4F7556}") = "Garden.Api", "Garden.Api\Garden.Api.csproj", "{0AC877A2-BBC8-416C-8732-AC80D0069363}"
EndProject
Project("{2150E333-8FDC-42A3-9474-1A3956D46DE8}") = "Applications", "Applications", "{ECFA4796-4D16-41D0-9BD1-06CEB97C7E63}"
EndProject
Project("{2150E333-8FDC-42A3-9474-1A3956D46DE8}") = "Libraries", "Libraries", "{072F2980-52E4-4F2F-A215-C052DC55A4F5}"
EndProject
Project("{9A19103F-16F7-4668-BE54-9A1E7A4F7556}") = "Garden.Models", "Garden.Models\Garden.Models.csproj", "{ACFB09E5-3B63-4373-86CA-351E8D515DCB}"
EndProject
Project("{9A19103F-16F7-4668-BE54-9A1E7A4F7556}") = "Garden.Data", "Garden.Data\Garden.Data.csproj", "{DE8D80D0-5A6D-4C2F-AA68-F043622A3D2A}"
EndProject
Project("{9A19103F-16F7-4668-BE54-9A1E7A4F7556}") = "Garden.Configuration", "Garden.Configuration\Garden.Configuration.csproj", "{6B8E522E-09D2-45CB-8898-D49003144C1C}"
EndProject
Project("{E24C65DC-7377-472B-9ABA-BC803B73C61A}") = "Garden.Web", "Garden.Web\", "{96DFD5A8-885D-4C06-8851-674D622C2B0A}"
	ProjectSection(WebsiteProperties) = preProject
		Debug.AspNetCompiler.VirtualPath = "/localhost_62569"
		Debug.AspNetCompiler.PhysicalPath = "Garden.Web\"
		Debug.AspNetCompiler.TargetPath = "PrecompiledWeb\localhost_62569\"
		Debug.AspNetCompiler.Updateable = "true"
		Debug.AspNetCompiler.ForceOverwrite = "true"
		Debug.AspNetCompiler.FixedNames = "false"
		Debug.AspNetCompiler.Debug = "True"
		Release.AspNetCompiler.VirtualPath = "/localhost_62569"
		Release.AspNetCompiler.PhysicalPath = "Garden.Web\"
		Release.AspNetCompiler.TargetPath = "PrecompiledWeb\localhost_62569\"
		Release.AspNetCompiler.Updateable = "true"
		Release.AspNetCompiler.ForceOverwrite = "true"
		Release.AspNetCompiler.FixedNames = "false"
		Release.AspNetCompiler.Debug = "False"
		VWDPort = "62569"
	EndProjectSection
EndProject
Global
	GlobalSection(SolutionConfigurationPlatforms) = preSolution
		Debug|Any CPU = Debug|Any CPU
		Release|Any CPU = Release|Any CPU
	EndGlobalSection
	GlobalSection(ProjectConfigurationPlatforms) = postSolution
		{0AC877A2-BBC8-416C-8732-AC80D0069363}.Debug|Any CPU.ActiveCfg = Debug|Any CPU
		{0AC877A2-BBC8-416C-8732-AC80D0069363}.Debug|Any CPU.Build.0 = Debug|Any CPU
		{0AC877A2-BBC8-416C-8732-AC80D0069363}.Release|Any CPU.ActiveCfg = Release|Any CPU
		{0AC877A2-BBC8-416C-8732-AC80D0069363}.Release|Any CPU.Build.0 = Release|Any CPU
		{ACFB09E5-3B63-4373-86CA-351E8D515DCB}.Debug|Any CPU.ActiveCfg = Debug|Any CPU
		{ACFB09E5-3B63-4373-86CA-351E8D515DCB}.Debug|Any CPU.Build.0 = Debug|Any CPU
		{ACFB09E5-3B63-4373-86CA-351E8D515DCB}.Release|Any CPU.ActiveCfg = Release|Any CPU
		{ACFB09E5-3B63-4373-86CA-351E8D515DCB}.Release|Any CPU.Build.0 = Release|Any CPU
		{DE8D80D0-5A6D-4C2F-AA68-F043622A3D2A}.Debug|Any CPU.ActiveCfg = Debug|Any CPU
		{DE8D80D0-5A6D-4C2F-AA68-F043622A3D2A}.Debug|Any CPU.Build.0 = Debug|Any CPU
		{DE8D80D0-5A6D-4C2F-AA68-F043622A3D2A}.Release|Any CPU.ActiveCfg = Release|Any CPU
		{DE8D80D0-5A6D-4C2F-AA68-F043622A3D2A}.Release|Any CPU.Build.0 = Release|Any CPU
		{6B8E522E-09D2-45CB-8898-D49003144C1C}.Debug|Any CPU.ActiveCfg = Debug|Any CPU
		{6B8E522E-09D2-45CB-8898-D49003144C1C}.Debug|Any CPU.Build.0 = Debug|Any CPU
		{6B8E522E-09D2-45CB-8898-D49003144C1C}.Release|Any CPU.ActiveCfg = Release|Any CPU
		{6B8E522E-09D2-45CB-8898-D49003144C1C}.Release|Any CPU.Build.0 = Release|Any CPU
		{96DFD5A8-885D-4C06-8851-674D622C2B0A}.Debug|Any CPU.ActiveCfg = Debug|Any CPU
		{96DFD5A8-885D-4C06-8851-674D622C2B0A}.Debug|Any CPU.Build.0 = Debug|Any CPU
		{96DFD5A8-885D-4C06-8851-674D622C2B0A}.Release|Any CPU.ActiveCfg = Debug|Any CPU
		{96DFD5A8-885D-4C06-8851-674D622C2B0A}.Release|Any CPU.Build.0 = Debug|Any CPU
	EndGlobalSection
	GlobalSection(SolutionProperties) = preSolution
		HideSolutionNode = FALSE
	EndGlobalSection
	GlobalSection(NestedProjects) = preSolution
		{0AC877A2-BBC8-416C-8732-AC80D0069363} = {ECFA4796-4D16-41D0-9BD1-06CEB97C7E63}
		{ACFB09E5-3B63-4373-86CA-351E8D515DCB} = {072F2980-52E4-4F2F-A215-C052DC55A4F5}
		{DE8D80D0-5A6D-4C2F-AA68-F043622A3D2A} = {072F2980-52E4-4F2F-A215-C052DC55A4F5}
		{6B8E522E-09D2-45CB-8898-D49003144C1C} = {072F2980-52E4-4F2F-A215-C052DC55A4F5}
		{96DFD5A8-885D-4C06-8851-674D622C2B0A} = {ECFA4796-4D16-41D0-9BD1-06CEB97C7E63}
	EndGlobalSection
	GlobalSection(ExtensibilityGlobals) = postSolution
		SolutionGuid = {010391F3-0496-4636-8973-94B2E948B5C6}
	EndGlobalSection
EndGlobal
