
Microsoft Visual Studio Solution File, Format Version 12.00
Project("{FAE04EC0-301F-11D3-BF4B-00C04F79EFBC}") = "Garden.Api", "Garden.Api\Garden.Api.csproj", "{0AC877A2-BBC8-416C-8732-AC80D0069363}"
EndProject
Project("{2150E333-8FDC-42A3-9474-1A3956D46DE8}") = "Applications", "Applications", "{ECFA4796-4D16-41D0-9BD1-06CEB97C7E63}"
EndProject
Project("{2150E333-8FDC-42A3-9474-1A3956D46DE8}") = "Libraries", "Libraries", "{072F2980-52E4-4F2F-A215-C052DC55A4F5}"
EndProject
Project("{FAE04EC0-301F-11D3-BF4B-00C04F79EFBC}") = "Garden.Models", "Garden.Models\Garden.Models.csproj", "{ACFB09E5-3B63-4373-86CA-351E8D515DCB}"
EndProject
Global
	GlobalSection(SolutionConfigurationPlatforms) = preSolution
		Debug|Any CPU = Debug|Any CPU
		Release|Any CPU = Release|Any CPU
	EndGlobalSection
	GlobalSection(ProjectConfigurationPlatforms) = postSolution
		{0AC877A2-BBC8-416C-8732-AC80D0069363}.Debug|Any CPU.ActiveCfg = Debug|Any CPU
		{0AC877A2-BBC8-416C-8732-AC80D0069363}.Debug|Any CPU.Build.0 = Debug|Any CPU
		{0AC877A2-BBC8-416C-8732-AC80D0069363}.Release|Any CPU.ActiveCfg = Release|Any CPU
		{0AC877A2-BBC8-416C-8732-AC80D0069363}.Release|Any CPU.Build.0 = Release|Any CPU
		{ACFB09E5-3B63-4373-86CA-351E8D515DCB}.Debug|Any CPU.ActiveCfg = Debug|Any CPU
		{ACFB09E5-3B63-4373-86CA-351E8D515DCB}.Debug|Any CPU.Build.0 = Debug|Any CPU
		{ACFB09E5-3B63-4373-86CA-351E8D515DCB}.Release|Any CPU.ActiveCfg = Release|Any CPU
		{ACFB09E5-3B63-4373-86CA-351E8D515DCB}.Release|Any CPU.Build.0 = Release|Any CPU
	EndGlobalSection
	GlobalSection(NestedProjects) = preSolution
		{0AC877A2-BBC8-416C-8732-AC80D0069363} = {ECFA4796-4D16-41D0-9BD1-06CEB97C7E63}
		{ACFB09E5-3B63-4373-86CA-351E8D515DCB} = {072F2980-52E4-4F2F-A215-C052DC55A4F5}
	EndGlobalSection
EndGlobal
